{
  "name": "prorenata",
  "version": "1.0.51",
  "lockfileVersion": 1,
  "requires": true,
  "dependencies": {
    "bluephrase": {
      "version": "git+ssh://root@nk024:/keep/bluephrase#672624d22a58352c4c7599e620773b179c88bc66",
      "from": "git+ssh://root@nk024:/keep/bluephrase#",
      "requires": {
        "joezone": "git+ssh://root@nk024:/keep/joezone#"
      },
      "dependencies": {
        "joezone": {
          "version": "git+ssh://root@nk024:/keep/joezone#35f56954975e05759acbd14123a40be5613930c3",
          "from": "git+ssh://root@nk024:/keep/joezone#"
        }
      }
    },
    "joezone": {
      "version": "1.1.36",
      "resolved": "https://registry.npmjs.org/joezone/-/joezone-1.1.36.tgz",
      "integrity": "sha512-gdtrSMf2Y4GiiYb2gT0VUMAvWf+6pCGwnZZVm9NEgN27JCpxsf9Ty24gjio6fLAGfmHWAjy7tUrCauqN1XJ0sg=="
    }
  }
}
