{
  "name": "prorenata",
  "version": "1.0.41",
  "lockfileVersion": 1,
  "requires": true,
  "dependencies": {
    "bluephrase": {
      "version": "git+ssh://root@nk024:/keep/bluephrase#8d729e24ab4bd524fad42ec1ca2b443489a4b88e",
      "from": "git+ssh://root@nk024:/keep/bluephrase#",
      "requires": {
        "joezone": "git+ssh://root@nk024:/keep/joezone#648fbb28302daac9aebfae2767473a60cdda5955"
      }
    },
    "joezone": {
      "version": "git+ssh://root@nk024:/keep/joezone#648fbb28302daac9aebfae2767473a60cdda5955",
      "from": "git+ssh://root@nk024:/keep/joezone#"
    }
  }
}
