{
  "name": "prorenata",
  "version": "1.0.20",
  "lockfileVersion": 1,
  "requires": true,
  "dependencies": {
    "bluephrase": {
      "version": "git+ssh://root@nk021:/keep/bluephrase#8346fdea0925859bc7ab708321dcb36563f1cf4a",
      "requires": {
        "joezone": "git+ssh://root@nk021:/keep/joezone#7f18b13552010703b989c279c9bb006b243a4855"
      }
    },
    "joezone": {
      "version": "git+ssh://root@nk021:/keep/joezone#7f18b13552010703b989c279c9bb006b243a4855"
    }
  }
}
